
Microsoft Visual Studio Solution File, Format Version 12.00
Project("{FAE04EC0-301F-11D3-BF4B-00C04F79EFBC}") = "LeagueToolkit.Core", "LeagueToolkit.Core\LeagueToolkit.Core.csproj", "{C842D5AF-A092-4E7F-9642-2DFAB4A16913}"
EndProject
Project("{FAE04EC0-301F-11D3-BF4B-00C04F79EFBC}") = "LeagueToolkit.SoloQueueReveal", "LeagueToolkit.SoloQueueReveal\LeagueToolkit.SoloQueueReveal.csproj", "{B76D9A91-8929-4F54-BAF6-4FAAE87F822D}"
EndProject
Global
	GlobalSection(SolutionConfigurationPlatforms) = preSolution
		Debug|Any CPU = Debug|Any CPU
		Release|Any CPU = Release|Any CPU
	EndGlobalSection
	GlobalSection(ProjectConfigurationPlatforms) = postSolution
		{C842D5AF-A092-4E7F-9642-2DFAB4A16913}.Debug|Any CPU.ActiveCfg = Debug|Any CPU
		{C842D5AF-A092-4E7F-9642-2DFAB4A16913}.Debug|Any CPU.Build.0 = Debug|Any CPU
		{C842D5AF-A092-4E7F-9642-2DFAB4A16913}.Release|Any CPU.ActiveCfg = Release|Any CPU
		{C842D5AF-A092-4E7F-9642-2DFAB4A16913}.Release|Any CPU.Build.0 = Release|Any CPU
		{B76D9A91-8929-4F54-BAF6-4FAAE87F822D}.Debug|Any CPU.ActiveCfg = Debug|Any CPU
		{B76D9A91-8929-4F54-BAF6-4FAAE87F822D}.Debug|Any CPU.Build.0 = Debug|Any CPU
		{B76D9A91-8929-4F54-BAF6-4FAAE87F822D}.Release|Any CPU.ActiveCfg = Release|Any CPU
		{B76D9A91-8929-4F54-BAF6-4FAAE87F822D}.Release|Any CPU.Build.0 = Release|Any CPU
	EndGlobalSection
EndGlobal
